# This file is automatically @generated by Cargo.
# It is not intended for manual editing.
version = 4

[[package]]
name = "wsk-ir"
version = "0.1.0"
dependencies = [
 "wsk-parser",
]

[[package]]
name = "wsk-parser"
version = "0.33.1"

[[package]]
name = "wsk-vm"
version = "0.1.0"
dependencies = [
 "wsk-ir",
]
